// !$*UTF8*$!
{
	archiveVersion = 1;
	classes = {
	};
	objectVersion = 48;
	objects = {

/* Begin PBXBuildFile section */
		66C99ACF1F64D31F00A02ADF /* AppDelegate.swift in Sources */ = {isa = PBXBuildFile; fileRef = 66C99ACE1F64D31F00A02ADF /* AppDelegate.swift */; };
		66C99AD11F64D31F00A02ADF /* ViewController.swift in Sources */ = {isa = PBXBuildFile; fileRef = 66C99AD01F64D31F00A02ADF /* ViewController.swift */; };
		66C99AD41F64D31F00A02ADF /* Main.storyboard in Resources */ = {isa = PBXBuildFile; fileRef = 66C99AD21F64D31F00A02ADF /* Main.storyboard */; };
		66C99AD71F64D31F00A02ADF /* Quiz.xcdatamodeld in Sources */ = {isa = PBXBuildFile; fileRef = 66C99AD51F64D31F00A02ADF /* Quiz.xcdatamodeld */; };
		66C99AD91F64D31F00A02ADF /* Assets.xcassets in Resources */ = {isa = PBXBuildFile; fileRef = 66C99AD81F64D31F00A02ADF /* Assets.xcassets */; };
		66C99ADC1F64D31F00A02ADF /* LaunchScreen.storyboard in Resources */ = {isa = PBXBuildFile; fileRef = 66C99ADA1F64D31F00A02ADF /* LaunchScreen.storyboard */; };
		66C99AEA1F64D38300A02ADF /* QuizTests.swift in Sources */ = {isa = PBXBuildFile; fileRef = 66C99AE91F64D38300A02ADF /* QuizTests.swift */; };
		66C99AF31F64D3C600A02ADF /* question_data.json in Resources */ = {isa = PBXBuildFile; fileRef = 66C99AF21F64D3C600A02ADF /* question_data.json */; };
/* End PBXBuildFile section */

/* Begin PBXContainerItemProxy section */
		66C99AEC1F64D38300A02ADF /* PBXContainerItemProxy */ = {
			isa = PBXContainerItemProxy;
			containerPortal = 66C99AC31F64D31F00A02ADF /* Project object */;
			proxyType = 1;
			remoteGlobalIDString = 66C99ACA1F64D31F00A02ADF;
			remoteInfo = Quiz;
		};
/* End PBXContainerItemProxy section */

/* Begin PBXFileReference section */
		66C99ACB1F64D31F00A02ADF /* Quiz.app */ = {isa = PBXFileReference; explicitFileType = wrapper.application; includeInIndex = 0; path = Quiz.app; sourceTree = BUILT_PRODUCTS_DIR; };
		66C99ACE1F64D31F00A02ADF /* AppDelegate.swift */ = {isa = PBXFileReference; lastKnownFileType = sourcecode.swift; path = AppDelegate.swift; sourceTree = "<group>"; };
		66C99AD01F64D31F00A02ADF /* ViewController.swift */ = {isa = PBXFileReference; lastKnownFileType = sourcecode.swift; path = ViewController.swift; sourceTree = "<group>"; };
		66C99AD31F64D31F00A02ADF /* Base */ = {isa = PBXFileReference; lastKnownFileType = file.storyboard; name = Base; path = Base.lproj/Main.storyboard; sourceTree = "<group>"; };
		66C99AD61F64D31F00A02ADF /* Quiz.xcdatamodel */ = {isa = PBXFileReference; lastKnownFileType = wrapper.xcdatamodel; path = Quiz.xcdatamodel; sourceTree = "<group>"; };
		66C99AD81F64D31F00A02ADF /* Assets.xcassets */ = {isa = PBXFileReference; lastKnownFileType = folder.assetcatalog; path = Assets.xcassets; sourceTree = "<group>"; };
		66C99ADB1F64D31F00A02ADF /* Base */ = {isa = PBXFileReference; lastKnownFileType = file.storyboard; name = Base; path = Base.lproj/LaunchScreen.storyboard; sourceTree = "<group>"; };
		66C99ADD1F64D31F00A02ADF /* Info.plist */ = {isa = PBXFileReference; lastKnownFileType = text.plist.xml; path = Info.plist; sourceTree = "<group>"; };
		66C99AE71F64D38300A02ADF /* QuizTests.xctest */ = {isa = PBXFileReference; explicitFileType = wrapper.cfbundle; includeInIndex = 0; path = QuizTests.xctest; sourceTree = BUILT_PRODUCTS_DIR; };
		66C99AE91F64D38300A02ADF /* QuizTests.swift */ = {isa = PBXFileReference; lastKnownFileType = sourcecode.swift; path = QuizTests.swift; sourceTree = "<group>"; };
		66C99AEB1F64D38300A02ADF /* Info.plist */ = {isa = PBXFileReference; lastKnownFileType = text.plist.xml; path = Info.plist; sourceTree = "<group>"; };
		66C99AF21F64D3C600A02ADF /* question_data.json */ = {isa = PBXFileReference; fileEncoding = 4; lastKnownFileType = text.json; path = question_data.json; sourceTree = "<group>"; };
/* End PBXFileReference section */

/* Begin PBXFrameworksBuildPhase section */
		66C99AC81F64D31F00A02ADF /* Frameworks */ = {
			isa = PBXFrameworksBuildPhase;
			buildActionMask = 2147483647;
			files = (
			);
			runOnlyForDeploymentPostprocessing = 0;
		};
		66C99AE41F64D38300A02ADF /* Frameworks */ = {
			isa = PBXFrameworksBuildPhase;
			buildActionMask = 2147483647;
			files = (
			);
			runOnlyForDeploymentPostprocessing = 0;
		};
/* End PBXFrameworksBuildPhase section */

/* Begin PBXGroup section */
		66C99AC21F64D31F00A02ADF = {
			isa = PBXGroup;
			children = (
				66C99ACD1F64D31F00A02ADF /* Quiz */,
				66C99AE81F64D38300A02ADF /* QuizTests */,
				66C99ACC1F64D31F00A02ADF /* Products */,
			);
			sourceTree = "<group>";
		};
		66C99ACC1F64D31F00A02ADF /* Products */ = {
			isa = PBXGroup;
			children = (
				66C99ACB1F64D31F00A02ADF /* Quiz.app */,
				66C99AE71F64D38300A02ADF /* QuizTests.xctest */,
			);
			name = Products;
			sourceTree = "<group>";
		};
		66C99ACD1F64D31F00A02ADF /* Quiz */ = {
			isa = PBXGroup;
			children = (
				66C99AF51F64D3E200A02ADF /* Standard */,
				66C99AF41F64D3D100A02ADF /* Core Data */,
				66C99AF11F64D3A400A02ADF /* Resources */,
				66C99AD01F64D31F00A02ADF /* ViewController.swift */,
			);
			path = Quiz;
			sourceTree = "<group>";
		};
		66C99AE81F64D38300A02ADF /* QuizTests */ = {
			isa = PBXGroup;
			children = (
				66C99AE91F64D38300A02ADF /* QuizTests.swift */,
				66C99AEB1F64D38300A02ADF /* Info.plist */,
			);
			path = QuizTests;
			sourceTree = "<group>";
		};
		66C99AF11F64D3A400A02ADF /* Resources */ = {
			isa = PBXGroup;
			children = (
				66C99AF21F64D3C600A02ADF /* question_data.json */,
			);
			path = Resources;
			sourceTree = "<group>";
		};
		66C99AF41F64D3D100A02ADF /* Core Data */ = {
			isa = PBXGroup;
			children = (
				66C99AD51F64D31F00A02ADF /* Quiz.xcdatamodeld */,
			);
			path = "Core Data";
			sourceTree = "<group>";
		};
		66C99AF51F64D3E200A02ADF /* Standard */ = {
			isa = PBXGroup;
			children = (
				66C99ACE1F64D31F00A02ADF /* AppDelegate.swift */,
				66C99AD81F64D31F00A02ADF /* Assets.xcassets */,
				66C99ADD1F64D31F00A02ADF /* Info.plist */,
				66C99ADA1F64D31F00A02ADF /* LaunchScreen.storyboard */,
				66C99AD21F64D31F00A02ADF /* Main.storyboard */,
			);
			path = Standard;
			sourceTree = "<group>";
		};
/* End PBXGroup section */

/* Begin PBXNativeTarget section */
		66C99ACA1F64D31F00A02ADF /* Quiz */ = {
			isa = PBXNativeTarget;
			buildConfigurationList = 66C99AE01F64D31F00A02ADF /* Build configuration list for PBXNativeTarget "Quiz" */;
			buildPhases = (
				66C99AC71F64D31F00A02ADF /* Sources */,
				66C99AC81F64D31F00A02ADF /* Frameworks */,
				66C99AC91F64D31F00A02ADF /* Resources */,
			);
			buildRules = (
			);
			dependencies = (
			);
			name = Quiz;
			productName = Quiz;
			productReference = 66C99ACB1F64D31F00A02ADF /* Quiz.app */;
			productType = "com.apple.product-type.application";
		};
		66C99AE61F64D38300A02ADF /* QuizTests */ = {
			isa = PBXNativeTarget;
			buildConfigurationList = 66C99AEE1F64D38300A02ADF /* Build configuration list for PBXNativeTarget "QuizTests" */;
			buildPhases = (
				66C99AE31F64D38300A02ADF /* Sources */,
				66C99AE41F64D38300A02ADF /* Frameworks */,
				66C99AE51F64D38300A02ADF /* Resources */,
			);
			buildRules = (
			);
			dependencies = (
				66C99AED1F64D38300A02ADF /* PBXTargetDependency */,
			);
			name = QuizTests;
			productName = QuizTests;
			productReference = 66C99AE71F64D38300A02ADF /* QuizTests.xctest */;
			productType = "com.apple.product-type.bundle.unit-test";
		};
/* End PBXNativeTarget section */

/* Begin PBXProject section */
		66C99AC31F64D31F00A02ADF /* Project object */ = {
			isa = PBXProject;
			attributes = {
				LastSwiftUpdateCheck = 0900;
				LastUpgradeCheck = 0900;
				ORGANIZATIONNAME = "Adam Eberbach";
				TargetAttributes = {
					66C99ACA1F64D31F00A02ADF = {
						CreatedOnToolsVersion = 9.0;
						ProvisioningStyle = Automatic;
					};
					66C99AE61F64D38300A02ADF = {
						CreatedOnToolsVersion = 9.0;
						ProvisioningStyle = Automatic;
						TestTargetID = 66C99ACA1F64D31F00A02ADF;
					};
				};
			};
			buildConfigurationList = 66C99AC61F64D31F00A02ADF /* Build configuration list for PBXProject "Quiz" */;
			compatibilityVersion = "Xcode 8.0";
			developmentRegion = en;
			hasScannedForEncodings = 0;
			knownRegions = (
				en,
				Base,
			);
			mainGroup = 66C99AC21F64D31F00A02ADF;
			productRefGroup = 66C99ACC1F64D31F00A02ADF /* Products */;
			projectDirPath = "";
			projectRoot = "";
			targets = (
				66C99ACA1F64D31F00A02ADF /* Quiz */,
				66C99AE61F64D38300A02ADF /* QuizTests */,
			);
		};
/* End PBXProject section */

/* Begin PBXResourcesBuildPhase section */
		66C99AC91F64D31F00A02ADF /* Resources */ = {
			isa = PBXResourcesBuildPhase;
			buildActionMask = 2147483647;
			files = (
				66C99ADC1F64D31F00A02ADF /* LaunchScreen.storyboard in Resources */,
				66C99AD91F64D31F00A02ADF /* Assets.xcassets in Resources */,
				66C99AD41F64D31F00A02ADF /* Main.storyboard in Resources */,
				66C99AF31F64D3C600A02ADF /* question_data.json in Resources */,
			);
			runOnlyForDeploymentPostprocessing = 0;
		};
		66C99AE51F64D38300A02ADF /* Resources */ = {
			isa = PBXResourcesBuildPhase;
			buildActionMask = 2147483647;
			files = (
			);
			runOnlyForDeploymentPostprocessing = 0;
		};
/* End PBXResourcesBuildPhase section */

/* Begin PBXSourcesBuildPhase section */
		66C99AC71F64D31F00A02ADF /* Sources */ = {
			isa = PBXSourcesBuildPhase;
			buildActionMask = 2147483647;
			files = (
				66C99AD11F64D31F00A02ADF /* ViewController.swift in Sources */,
				66C99AD71F64D31F00A02ADF /* Quiz.xcdatamodeld in Sources */,
				66C99ACF1F64D31F00A02ADF /* AppDelegate.swift in Sources */,
			);
			runOnlyForDeploymentPostprocessing = 0;
		};
		66C99AE31F64D38300A02ADF /* Sources */ = {
			isa = PBXSourcesBuildPhase;
			buildActionMask = 2147483647;
			files = (
				66C99AEA1F64D38300A02ADF /* QuizTests.swift in Sources */,
			);
			runOnlyForDeploymentPostprocessing = 0;
		};
/* End PBXSourcesBuildPhase section */

/* Begin PBXTargetDependency section */
		66C99AED1F64D38300A02ADF /* PBXTargetDependency */ = {
			isa = PBXTargetDependency;
			target = 66C99ACA1F64D31F00A02ADF /* Quiz */;
			targetProxy = 66C99AEC1F64D38300A02ADF /* PBXContainerItemProxy */;
		};
/* End PBXTargetDependency section */

/* Begin PBXVariantGroup section */
		66C99AD21F64D31F00A02ADF /* Main.storyboard */ = {
			isa = PBXVariantGroup;
			children = (
				66C99AD31F64D31F00A02ADF /* Base */,
			);
			name = Main.storyboard;
			sourceTree = "<group>";
		};
		66C99ADA1F64D31F00A02ADF /* LaunchScreen.storyboard */ = {
			isa = PBXVariantGroup;
			children = (
				66C99ADB1F64D31F00A02ADF /* Base */,
			);
			name = LaunchScreen.storyboard;
			sourceTree = "<group>";
		};
/* End PBXVariantGroup section */

/* Begin XCBuildConfiguration section */
		66C99ADE1F64D31F00A02ADF /* Debug */ = {
			isa = XCBuildConfiguration;
			buildSettings = {
				ALWAYS_SEARCH_USER_PATHS = NO;
				CLANG_ANALYZER_NONNULL = YES;
				CLANG_ANALYZER_NUMBER_OBJECT_CONVERSION = YES_AGGRESSIVE;
				CLANG_CXX_LANGUAGE_STANDARD = "gnu++14";
				CLANG_CXX_LIBRARY = "libc++";
				CLANG_ENABLE_MODULES = YES;
				CLANG_ENABLE_OBJC_ARC = YES;
				CLANG_WARN_BLOCK_CAPTURE_AUTORELEASING = YES;
				CLANG_WARN_BOOL_CONVERSION = YES;
				CLANG_WARN_COMMA = YES;
				CLANG_WARN_CONSTANT_CONVERSION = YES;
				CLANG_WARN_DIRECT_OBJC_ISA_USAGE = YES_ERROR;
				CLANG_WARN_DOCUMENTATION_COMMENTS = YES;
				CLANG_WARN_EMPTY_BODY = YES;
				CLANG_WARN_ENUM_CONVERSION = YES;
				CLANG_WARN_INFINITE_RECURSION = YES;
				CLANG_WARN_INT_CONVERSION = YES;
				CLANG_WARN_NON_LITERAL_NULL_CONVERSION = YES;
				CLANG_WARN_OBJC_LITERAL_CONVERSION = YES;
				CLANG_WARN_OBJC_ROOT_CLASS = YES_ERROR;
				CLANG_WARN_RANGE_LOOP_ANALYSIS = YES;
				CLANG_WARN_STRICT_PROTOTYPES = YES;
				CLANG_WARN_SUSPICIOUS_MOVE = YES;
				CLANG_WARN_UNGUARDED_AVAILABILITY = YES_AGGRESSIVE;
				CLANG_WARN_UNREACHABLE_CODE = YES;
				CLANG_WARN__DUPLICATE_METHOD_MATCH = YES;
				CODE_SIGN_IDENTITY = "iPhone Developer";
				COPY_PHASE_STRIP = NO;
				DEBUG_INFORMATION_FORMAT = dwarf;
				ENABLE_STRICT_OBJC_MSGSEND = YES;
				ENABLE_TESTABILITY = YES;
				GCC_C_LANGUAGE_STANDARD = gnu11;
				GCC_DYNAMIC_NO_PIC = NO;
				GCC_NO_COMMON_BLOCKS = YES;
				GCC_OPTIMIZATION_LEVEL = 0;
				GCC_PREPROCESSOR_DEFINITIONS = (
					"DEBUG=1",
					"$(inherited)",
				);
				GCC_WARN_64_TO_32_BIT_CONVERSION = YES;
				GCC_WARN_ABOUT_RETURN_TYPE = YES_ERROR;
				GCC_WARN_UNDECLARED_SELECTOR = YES;
				GCC_WARN_UNINITIALIZED_AUTOS = YES_AGGRESSIVE;
				GCC_WARN_UNUSED_FUNCTION = YES;
				GCC_WARN_UNUSED_VARIABLE = YES;
				IPHONEOS_DEPLOYMENT_TARGET = 11.0;
				MTL_ENABLE_DEBUG_INFO = YES;
				ONLY_ACTIVE_ARCH = YES;
				SDKROOT = iphoneos;
				SWIFT_ACTIVE_COMPILATION_CONDITIONS = DEBUG;
				SWIFT_OPTIMIZATION_LEVEL = "-Onone";
			};
			name = Debug;
		};
		66C99ADF1F64D31F00A02ADF /* Release */ = {
			isa = XCBuildConfiguration;
			buildSettings = {
				ALWAYS_SEARCH_USER_PATHS = NO;
				CLANG_ANALYZER_NONNULL = YES;
				CLANG_ANALYZER_NUMBER_OBJECT_CONVERSION = YES_AGGRESSIVE;
				CLANG_CXX_LANGUAGE_STANDARD = "gnu++14";
				CLANG_CXX_LIBRARY = "libc++";
				CLANG_ENABLE_MODULES = YES;
				CLANG_ENABLE_OBJC_ARC = YES;
				CLANG_WARN_BLOCK_CAPTURE_AUTORELEASING = YES;
				CLANG_WARN_BOOL_CONVERSION = YES;
				CLANG_WARN_COMMA = YES;
				CLANG_WARN_CONSTANT_CONVERSION = YES;
				CLANG_WARN_DIRECT_OBJC_ISA_USAGE = YES_ERROR;
				CLANG_WARN_DOCUMENTATION_COMMENTS = YES;
				CLANG_WARN_EMPTY_BODY = YES;
				CLANG_WARN_ENUM_CONVERSION = YES;
				CLANG_WARN_INFINITE_RECURSION = YES;
				CLANG_WARN_INT_CONVERSION = YES;
				CLANG_WARN_NON_LITERAL_NULL_CONVERSION = YES;
				CLANG_WARN_OBJC_LITERAL_CONVERSION = YES;
				CLANG_WARN_OBJC_ROOT_CLASS = YES_ERROR;
				CLANG_WARN_RANGE_LOOP_ANALYSIS = YES;
				CLANG_WARN_STRICT_PROTOTYPES = YES;
				CLANG_WARN_SUSPICIOUS_MOVE = YES;
				CLANG_WARN_UNGUARDED_AVAILABILITY = YES_AGGRESSIVE;
				CLANG_WARN_UNREACHABLE_CODE = YES;
				CLANG_WARN__DUPLICATE_METHOD_MATCH = YES;
				CODE_SIGN_IDENTITY = "iPhone Developer";
				COPY_PHASE_STRIP = NO;
				DEBUG_INFORMATION_FORMAT = "dwarf-with-dsym";
				ENABLE_NS_ASSERTIONS = NO;
				ENABLE_STRICT_OBJC_MSGSEND = YES;
				GCC_C_LANGUAGE_STANDARD = gnu11;
				GCC_NO_COMMON_BLOCKS = YES;
				GCC_WARN_64_TO_32_BIT_CONVERSION = YES;
				GCC_WARN_ABOUT_RETURN_TYPE = YES_ERROR;
				GCC_WARN_UNDECLARED_SELECTOR = YES;
				GCC_WARN_UNINITIALIZED_AUTOS = YES_AGGRESSIVE;
				GCC_WARN_UNUSED_FUNCTION = YES;
				GCC_WARN_UNUSED_VARIABLE = YES;
				IPHONEOS_DEPLOYMENT_TARGET = 11.0;
				MTL_ENABLE_DEBUG_INFO = NO;
				SDKROOT = iphoneos;
				SWIFT_OPTIMIZATION_LEVEL = "-Owholemodule";
				VALIDATE_PRODUCT = YES;
			};
			name = Release;
		};
		66C99AE11F64D31F00A02ADF /* Debug */ = {
			isa = XCBuildConfiguration;
			buildSettings = {
				ASSETCATALOG_COMPILER_APPICON_NAME = AppIcon;
				CODE_SIGN_STYLE = Automatic;
				DEVELOPMENT_TEAM = 8UGJVD94Q8;
				INFOPLIST_FILE = Quiz/Info.plist;
				LD_RUNPATH_SEARCH_PATHS = "$(inherited) @executable_path/Frameworks";
				PRODUCT_BUNDLE_IDENTIFIER = com.grayunicorn.Quiz;
				PRODUCT_NAME = "$(TARGET_NAME)";
				SWIFT_VERSION = 4.0;
				TARGETED_DEVICE_FAMILY = "1,2";
			};
			name = Debug;
		};
		66C99AE21F64D31F00A02ADF /* Release */ = {
			isa = XCBuildConfiguration;
			buildSettings = {
				ASSETCATALOG_COMPILER_APPICON_NAME = AppIcon;
				CODE_SIGN_STYLE = Automatic;
				DEVELOPMENT_TEAM = 8UGJVD94Q8;
				INFOPLIST_FILE = Quiz/Info.plist;
				LD_RUNPATH_SEARCH_PATHS = "$(inherited) @executable_path/Frameworks";
				PRODUCT_BUNDLE_IDENTIFIER = com.grayunicorn.Quiz;
				PRODUCT_NAME = "$(TARGET_NAME)";
				SWIFT_VERSION = 4.0;
				TARGETED_DEVICE_FAMILY = "1,2";
			};
			name = Release;
		};
		66C99AEF1F64D38300A02ADF /* Debug */ = {
			isa = XCBuildConfiguration;
			buildSettings = {
				BUNDLE_LOADER = "$(TEST_HOST)";
				CODE_SIGN_STYLE = Automatic;
				DEVELOPMENT_TEAM = 8UGJVD94Q8;
				INFOPLIST_FILE = QuizTests/Info.plist;
				LD_RUNPATH_SEARCH_PATHS = "$(inherited) @executable_path/Frameworks @loader_path/Frameworks";
				PRODUCT_BUNDLE_IDENTIFIER = com.grayunicorn.QuizTests;
				PRODUCT_NAME = "$(TARGET_NAME)";
				SWIFT_VERSION = 4.0;
				TARGETED_DEVICE_FAMILY = "1,2";
				TEST_HOST = "$(BUILT_PRODUCTS_DIR)/Quiz.app/Quiz";
			};
			name = Debug;
		};
		66C99AF01F64D38300A02ADF /* Release */ = {
			isa = XCBuildConfiguration;
			buildSettings = {
				BUNDLE_LOADER = "$(TEST_HOST)";
				CODE_SIGN_STYLE = Automatic;
				DEVELOPMENT_TEAM = 8UGJVD94Q8;
				INFOPLIST_FILE = QuizTests/Info.plist;
				LD_RUNPATH_SEARCH_PATHS = "$(inherited) @executable_path/Frameworks @loader_path/Frameworks";
				PRODUCT_BUNDLE_IDENTIFIER = com.grayunicorn.QuizTests;
				PRODUCT_NAME = "$(TARGET_NAME)";
				SWIFT_VERSION = 4.0;
				TARGETED_DEVICE_FAMILY = "1,2";
				TEST_HOST = "$(BUILT_PRODUCTS_DIR)/Quiz.app/Quiz";
			};
			name = Release;
		};
/* End XCBuildConfiguration section */

/* Begin XCConfigurationList section */
		66C99AC61F64D31F00A02ADF /* Build configuration list for PBXProject "Quiz" */ = {
			isa = XCConfigurationList;
			buildConfigurations = (
				66C99ADE1F64D31F00A02ADF /* Debug */,
				66C99ADF1F64D31F00A02ADF /* Release */,
			);
			defaultConfigurationIsVisible = 0;
			defaultConfigurationName = Release;
		};
		66C99AE01F64D31F00A02ADF /* Build configuration list for PBXNativeTarget "Quiz" */ = {
			isa = XCConfigurationList;
			buildConfigurations = (
				66C99AE11F64D31F00A02ADF /* Debug */,
				66C99AE21F64D31F00A02ADF /* Release */,
			);
			defaultConfigurationIsVisible = 0;
			defaultConfigurationName = Release;
		};
		66C99AEE1F64D38300A02ADF /* Build configuration list for PBXNativeTarget "QuizTests" */ = {
			isa = XCConfigurationList;
			buildConfigurations = (
				66C99AEF1F64D38300A02ADF /* Debug */,
				66C99AF01F64D38300A02ADF /* Release */,
			);
			defaultConfigurationIsVisible = 0;
			defaultConfigurationName = Release;
		};
/* End XCConfigurationList section */

/* Begin XCVersionGroup section */
		66C99AD51F64D31F00A02ADF /* Quiz.xcdatamodeld */ = {
			isa = XCVersionGroup;
			children = (
				66C99AD61F64D31F00A02ADF /* Quiz.xcdatamodel */,
			);
			currentVersion = 66C99AD61F64D31F00A02ADF /* Quiz.xcdatamodel */;
			path = Quiz.xcdatamodeld;
			sourceTree = "<group>";
			versionGroupType = wrapper.xcdatamodel;
		};
/* End XCVersionGroup section */
	};
	rootObject = 66C99AC31F64D31F00A02ADF /* Project object */;
}
